
Microsoft Visual Studio Solution File, Format Version 12.00
# Visual Studio Version 16
VisualStudioVersion = 16.0.30503.244
MinimumVisualStudioVersion = 10.0.40219.1
Project("{2150E333-8FDC-42A3-9474-1A3956D46DE8}") = "src", "src", "{752C05FD-C3A8-4BCA-B4B3-85207A452CF5}"
EndProject
Project("{FAE04EC0-301F-11D3-BF4B-00C04F79EFBC}") = "EventStream.Sample", "src\EventStream.Sample\EventStream.Sample.csproj", "{4A265556-6D9F-461F-8DF8-CEC964AC6B46}"
EndProject
Global
	GlobalSection(SolutionConfigurationPlatforms) = preSolution
		Debug|Any CPU = Debug|Any CPU
		Release|Any CPU = Release|Any CPU
	EndGlobalSection
	GlobalSection(ProjectConfigurationPlatforms) = postSolution
		{4A265556-6D9F-461F-8DF8-CEC964AC6B46}.Debug|Any CPU.ActiveCfg = Debug|Any CPU
		{4A265556-6D9F-461F-8DF8-CEC964AC6B46}.Debug|Any CPU.Build.0 = Debug|Any CPU
		{4A265556-6D9F-461F-8DF8-CEC964AC6B46}.Release|Any CPU.ActiveCfg = Release|Any CPU
		{4A265556-6D9F-461F-8DF8-CEC964AC6B46}.Release|Any CPU.Build.0 = Release|Any CPU
	EndGlobalSection
	GlobalSection(SolutionProperties) = preSolution
		HideSolutionNode = FALSE
	EndGlobalSection
	GlobalSection(NestedProjects) = preSolution
		{4A265556-6D9F-461F-8DF8-CEC964AC6B46} = {752C05FD-C3A8-4BCA-B4B3-85207A452CF5}
	EndGlobalSection
	GlobalSection(ExtensibilityGlobals) = postSolution
		SolutionGuid = {DF1CE263-4A43-45A5-B63D-A40DC1EBCFBF}
	EndGlobalSection
EndGlobal
